
Microsoft Visual Studio Solution File, Format Version 12.00
# Visual Studio Version 17
VisualStudioVersion = 17.5.002.0
MinimumVisualStudioVersion = 10.0.40219.1
Project("{9A19103F-16F7-4668-BE54-9A1E7A4F7556}") = "webmvc", "webmvc.csproj", "{D12AD89A-0DF2-44B9-BC28-6644D63FC9FF}"
EndProject
Global
	GlobalSection(SolutionConfigurationPlatforms) = preSolution
		Debug|Any CPU = Debug|Any CPU
		Release|Any CPU = Release|Any CPU
	EndGlobalSection
	GlobalSection(ProjectConfigurationPlatforms) = postSolution
		{D12AD89A-0DF2-44B9-BC28-6644D63FC9FF}.Debug|Any CPU.ActiveCfg = Debug|Any CPU
		{D12AD89A-0DF2-44B9-BC28-6644D63FC9FF}.Debug|Any CPU.Build.0 = Debug|Any CPU
		{D12AD89A-0DF2-44B9-BC28-6644D63FC9FF}.Release|Any CPU.ActiveCfg = Release|Any CPU
		{D12AD89A-0DF2-44B9-BC28-6644D63FC9FF}.Release|Any CPU.Build.0 = Release|Any CPU
	EndGlobalSection
	GlobalSection(SolutionProperties) = preSolution
		HideSolutionNode = FALSE
	EndGlobalSection
	GlobalSection(ExtensibilityGlobals) = postSolution
		SolutionGuid = {7AE323BF-4576-4A7F-B053-22D53E4D4BD8}
	EndGlobalSection
EndGlobal
