
Microsoft Visual Studio Solution File, Format Version 12.00
# Visual Studio Version 17
VisualStudioVersion = 17.11.35327.3
MinimumVisualStudioVersion = 10.0.40219.1
Project("{2150E333-8FDC-42A3-9474-1A3956D46DE8}") = "Frontend", "Frontend", "{CF25F1B7-9AAA-468D-8033-E085F4B4BA19}"
EndProject
Project("{2150E333-8FDC-42A3-9474-1A3956D46DE8}") = "Gateway", "Gateway", "{8168EEC1-4F37-4D30-B489-9764E5E7740E}"
EndProject
Project("{2150E333-8FDC-42A3-9474-1A3956D46DE8}") = "Integration", "Integration", "{5FF6D672-BDDE-4855-8A1A-9B7E17481E68}"
EndProject
Project("{2150E333-8FDC-42A3-9474-1A3956D46DE8}") = "Services", "Services", "{FDBECE42-790D-40D3-81E0-3CEB468A1326}"
EndProject
Project("{FAE04EC0-301F-11D3-BF4B-00C04F79EFBC}") = "Mango.Services.CouponAPI", "Mango.Services.CouponAPI\Mango.Services.CouponAPI.csproj", "{664A697B-527E-4BBB-A1BA-9DBBFA2404E8}"
EndProject
Global
	GlobalSection(SolutionConfigurationPlatforms) = preSolution
		Debug|Any CPU = Debug|Any CPU
		Release|Any CPU = Release|Any CPU
	EndGlobalSection
	GlobalSection(ProjectConfigurationPlatforms) = postSolution
		{664A697B-527E-4BBB-A1BA-9DBBFA2404E8}.Debug|Any CPU.ActiveCfg = Debug|Any CPU
		{664A697B-527E-4BBB-A1BA-9DBBFA2404E8}.Debug|Any CPU.Build.0 = Debug|Any CPU
		{664A697B-527E-4BBB-A1BA-9DBBFA2404E8}.Release|Any CPU.ActiveCfg = Release|Any CPU
		{664A697B-527E-4BBB-A1BA-9DBBFA2404E8}.Release|Any CPU.Build.0 = Release|Any CPU
	EndGlobalSection
	GlobalSection(SolutionProperties) = preSolution
		HideSolutionNode = FALSE
	EndGlobalSection
	GlobalSection(NestedProjects) = preSolution
		{664A697B-527E-4BBB-A1BA-9DBBFA2404E8} = {FDBECE42-790D-40D3-81E0-3CEB468A1326}
	EndGlobalSection
	GlobalSection(ExtensibilityGlobals) = postSolution
		SolutionGuid = {54A4F179-BBEC-4EB1-B469-F8731DFCA49F}
	EndGlobalSection
EndGlobal
